// !$*UTF8*$!
{
	archiveVersion = 1;
	classes = {
	};
	objectVersion = 56;
	objects = {

/* Begin PBXBuildFile section */
		130A6E58297E4A4300C3971C /* ActorDetails.swift in Sources */ = {isa = PBXBuildFile; fileRef = 130A6E57297E4A4300C3971C /* ActorDetails.swift */; };
		134B4C0329CA92E50089DF18 /* SDWebImage in Frameworks */ = {isa = PBXBuildFile; productRef = 134B4C0229CA92E50089DF18 /* SDWebImage */; };
		134B4C0529CA92E50089DF18 /* SDWebImageMapKit in Frameworks */ = {isa = PBXBuildFile; productRef = 134B4C0429CA92E50089DF18 /* SDWebImageMapKit */; };
		134B4C0829CA93500089DF18 /* Kingfisher in Frameworks */ = {isa = PBXBuildFile; productRef = 134B4C0729CA93500089DF18 /* Kingfisher */; };
		135D4E68297F5D730062CBEB /* Actor.swift in Sources */ = {isa = PBXBuildFile; fileRef = 135D4E67297F5D730062CBEB /* Actor.swift */; };
		13B7BC0F2977BD7200E5814F /* Media_PlanetApp.swift in Sources */ = {isa = PBXBuildFile; fileRef = 13B7BC0E2977BD7200E5814F /* Media_PlanetApp.swift */; };
		13B7BC112977BD7200E5814F /* ContentView.swift in Sources */ = {isa = PBXBuildFile; fileRef = 13B7BC102977BD7200E5814F /* ContentView.swift */; };
		13B7BC132977BD7300E5814F /* Assets.xcassets in Resources */ = {isa = PBXBuildFile; fileRef = 13B7BC122977BD7300E5814F /* Assets.xcassets */; };
		13B7BC162977BD7300E5814F /* Preview Assets.xcassets in Resources */ = {isa = PBXBuildFile; fileRef = 13B7BC152977BD7300E5814F /* Preview Assets.xcassets */; };
		13B7BC1D2977BE3B00E5814F /* TMDB_API.swift in Sources */ = {isa = PBXBuildFile; fileRef = 13B7BC1C2977BE3B00E5814F /* TMDB_API.swift */; };
		13B7BC1F2977BEAD00E5814F /* Media.swift in Sources */ = {isa = PBXBuildFile; fileRef = 13B7BC1E2977BEAD00E5814F /* Media.swift */; };
		13B7BC212977BEFE00E5814F /* Results.swift in Sources */ = {isa = PBXBuildFile; fileRef = 13B7BC202977BEFE00E5814F /* Results.swift */; };
		13B7BC232977BF3D00E5814F /* People.swift in Sources */ = {isa = PBXBuildFile; fileRef = 13B7BC222977BF3D00E5814F /* People.swift */; };
		13B7BC252977BF6400E5814F /* CastInfo.swift in Sources */ = {isa = PBXBuildFile; fileRef = 13B7BC242977BF6400E5814F /* CastInfo.swift */; };
		13B7BC272977BF9D00E5814F /* Images.swift in Sources */ = {isa = PBXBuildFile; fileRef = 13B7BC262977BF9D00E5814F /* Images.swift */; };
		13B7BC2B2977C02F00E5814F /* Backdrops.swift in Sources */ = {isa = PBXBuildFile; fileRef = 13B7BC2A2977C02F00E5814F /* Backdrops.swift */; };
		13B7BC2D2977C04700E5814F /* Logos.swift in Sources */ = {isa = PBXBuildFile; fileRef = 13B7BC2C2977C04700E5814F /* Logos.swift */; };
		13B7BC342977C48900E5814F /* MediaRow.swift in Sources */ = {isa = PBXBuildFile; fileRef = 13B7BC332977C48900E5814F /* MediaRow.swift */; };
		13B7BC362977C53400E5814F /* MediaDetails.swift in Sources */ = {isa = PBXBuildFile; fileRef = 13B7BC352977C53400E5814F /* MediaDetails.swift */; };
		13B7BC382977C5DC00E5814F /* CastView.swift in Sources */ = {isa = PBXBuildFile; fileRef = 13B7BC372977C5DC00E5814F /* CastView.swift */; };
		13B7BC3A2977C66700E5814F /* Backdrop.swift in Sources */ = {isa = PBXBuildFile; fileRef = 13B7BC392977C66700E5814F /* Backdrop.swift */; };
		13B7BC3C2977C6DF00E5814F /* MediaItem.swift in Sources */ = {isa = PBXBuildFile; fileRef = 13B7BC3B2977C6DF00E5814F /* MediaItem.swift */; };
/* End PBXBuildFile section */

/* Begin PBXFileReference section */
		130A6E57297E4A4300C3971C /* ActorDetails.swift */ = {isa = PBXFileReference; lastKnownFileType = sourcecode.swift; path = ActorDetails.swift; sourceTree = "<group>"; };
		135D4E67297F5D730062CBEB /* Actor.swift */ = {isa = PBXFileReference; lastKnownFileType = sourcecode.swift; path = Actor.swift; sourceTree = "<group>"; };
		13B7BC0B2977BD7200E5814F /* Media_Planet.app */ = {isa = PBXFileReference; explicitFileType = wrapper.application; includeInIndex = 0; path = Media_Planet.app; sourceTree = BUILT_PRODUCTS_DIR; };
		13B7BC0E2977BD7200E5814F /* Media_PlanetApp.swift */ = {isa = PBXFileReference; lastKnownFileType = sourcecode.swift; path = Media_PlanetApp.swift; sourceTree = "<group>"; };
		13B7BC102977BD7200E5814F /* ContentView.swift */ = {isa = PBXFileReference; lastKnownFileType = sourcecode.swift; path = ContentView.swift; sourceTree = "<group>"; };
		13B7BC122977BD7300E5814F /* Assets.xcassets */ = {isa = PBXFileReference; lastKnownFileType = folder.assetcatalog; path = Assets.xcassets; sourceTree = "<group>"; };
		13B7BC152977BD7300E5814F /* Preview Assets.xcassets */ = {isa = PBXFileReference; lastKnownFileType = folder.assetcatalog; path = "Preview Assets.xcassets"; sourceTree = "<group>"; };
		13B7BC1C2977BE3B00E5814F /* TMDB_API.swift */ = {isa = PBXFileReference; lastKnownFileType = sourcecode.swift; path = TMDB_API.swift; sourceTree = "<group>"; };
		13B7BC1E2977BEAD00E5814F /* Media.swift */ = {isa = PBXFileReference; lastKnownFileType = sourcecode.swift; path = Media.swift; sourceTree = "<group>"; };
		13B7BC202977BEFE00E5814F /* Results.swift */ = {isa = PBXFileReference; lastKnownFileType = sourcecode.swift; path = Results.swift; sourceTree = "<group>"; };
		13B7BC222977BF3D00E5814F /* People.swift */ = {isa = PBXFileReference; lastKnownFileType = sourcecode.swift; path = People.swift; sourceTree = "<group>"; };
		13B7BC242977BF6400E5814F /* CastInfo.swift */ = {isa = PBXFileReference; lastKnownFileType = sourcecode.swift; path = CastInfo.swift; sourceTree = "<group>"; };
		13B7BC262977BF9D00E5814F /* Images.swift */ = {isa = PBXFileReference; lastKnownFileType = sourcecode.swift; path = Images.swift; sourceTree = "<group>"; };
		13B7BC2A2977C02F00E5814F /* Backdrops.swift */ = {isa = PBXFileReference; lastKnownFileType = sourcecode.swift; path = Backdrops.swift; sourceTree = "<group>"; };
		13B7BC2C2977C04700E5814F /* Logos.swift */ = {isa = PBXFileReference; lastKnownFileType = sourcecode.swift; path = Logos.swift; sourceTree = "<group>"; };
		13B7BC332977C48900E5814F /* MediaRow.swift */ = {isa = PBXFileReference; lastKnownFileType = sourcecode.swift; path = MediaRow.swift; sourceTree = "<group>"; };
		13B7BC352977C53400E5814F /* MediaDetails.swift */ = {isa = PBXFileReference; lastKnownFileType = sourcecode.swift; path = MediaDetails.swift; sourceTree = "<group>"; };
		13B7BC372977C5DC00E5814F /* CastView.swift */ = {isa = PBXFileReference; lastKnownFileType = sourcecode.swift; path = CastView.swift; sourceTree = "<group>"; };
		13B7BC392977C66700E5814F /* Backdrop.swift */ = {isa = PBXFileReference; lastKnownFileType = sourcecode.swift; path = Backdrop.swift; sourceTree = "<group>"; };
		13B7BC3B2977C6DF00E5814F /* MediaItem.swift */ = {isa = PBXFileReference; lastKnownFileType = sourcecode.swift; path = MediaItem.swift; sourceTree = "<group>"; };
/* End PBXFileReference section */

/* Begin PBXFrameworksBuildPhase section */
		13B7BC082977BD7200E5814F /* Frameworks */ = {
			isa = PBXFrameworksBuildPhase;
			buildActionMask = 2147483647;
			files = (
				134B4C0829CA93500089DF18 /* Kingfisher in Frameworks */,
				134B4C0529CA92E50089DF18 /* SDWebImageMapKit in Frameworks */,
				134B4C0329CA92E50089DF18 /* SDWebImage in Frameworks */,
			);
			runOnlyForDeploymentPostprocessing = 0;
		};
/* End PBXFrameworksBuildPhase section */

/* Begin PBXGroup section */
		13B7BC022977BD7200E5814F = {
			isa = PBXGroup;
			children = (
				13B7BC0D2977BD7200E5814F /* Media_Planet */,
				13B7BC0C2977BD7200E5814F /* Products */,
			);
			sourceTree = "<group>";
		};
		13B7BC0C2977BD7200E5814F /* Products */ = {
			isa = PBXGroup;
			children = (
				13B7BC0B2977BD7200E5814F /* Media_Planet.app */,
			);
			name = Products;
			sourceTree = "<group>";
		};
		13B7BC0D2977BD7200E5814F /* Media_Planet */ = {
			isa = PBXGroup;
			children = (
				13B7BC2E2977C30A00E5814F /* Models */,
				13B7BC0E2977BD7200E5814F /* Media_PlanetApp.swift */,
				13B7BC2F2977C34800E5814F /* Views */,
				13B7BC302977C37600E5814F /* Controllers */,
				13B7BC122977BD7300E5814F /* Assets.xcassets */,
				13B7BC142977BD7300E5814F /* Preview Content */,
			);
			path = Media_Planet;
			sourceTree = "<group>";
		};
		13B7BC142977BD7300E5814F /* Preview Content */ = {
			isa = PBXGroup;
			children = (
				13B7BC152977BD7300E5814F /* Preview Assets.xcassets */,
			);
			path = "Preview Content";
			sourceTree = "<group>";
		};
		13B7BC2E2977C30A00E5814F /* Models */ = {
			isa = PBXGroup;
			children = (
				13B7BC1E2977BEAD00E5814F /* Media.swift */,
				13B7BC202977BEFE00E5814F /* Results.swift */,
				13B7BC222977BF3D00E5814F /* People.swift */,
				13B7BC262977BF9D00E5814F /* Images.swift */,
				13B7BC2C2977C04700E5814F /* Logos.swift */,
				13B7BC2A2977C02F00E5814F /* Backdrops.swift */,
				13B7BC242977BF6400E5814F /* CastInfo.swift */,
				135D4E67297F5D730062CBEB /* Actor.swift */,
			);
			path = Models;
			sourceTree = "<group>";
		};
		13B7BC2F2977C34800E5814F /* Views */ = {
			isa = PBXGroup;
			children = (
				13B7BC102977BD7200E5814F /* ContentView.swift */,
				13B7BC332977C48900E5814F /* MediaRow.swift */,
				130A6E57297E4A4300C3971C /* ActorDetails.swift */,
				13B7BC3B2977C6DF00E5814F /* MediaItem.swift */,
				13B7BC352977C53400E5814F /* MediaDetails.swift */,
				13B7BC372977C5DC00E5814F /* CastView.swift */,
				13B7BC392977C66700E5814F /* Backdrop.swift */,
			);
			path = Views;
			sourceTree = "<group>";
		};
		13B7BC302977C37600E5814F /* Controllers */ = {
			isa = PBXGroup;
			children = (
				13B7BC1C2977BE3B00E5814F /* TMDB_API.swift */,
			);
			path = Controllers;
			sourceTree = "<group>";
		};
/* End PBXGroup section */

/* Begin PBXNativeTarget section */
		13B7BC0A2977BD7200E5814F /* Media_Planet */ = {
			isa = PBXNativeTarget;
			buildConfigurationList = 13B7BC192977BD7300E5814F /* Build configuration list for PBXNativeTarget "Media_Planet" */;
			buildPhases = (
				13B7BC072977BD7200E5814F /* Sources */,
				13B7BC082977BD7200E5814F /* Frameworks */,
				13B7BC092977BD7200E5814F /* Resources */,
			);
			buildRules = (
			);
			dependencies = (
			);
			name = Media_Planet;
			packageProductDependencies = (
				134B4C0229CA92E50089DF18 /* SDWebImage */,
				134B4C0429CA92E50089DF18 /* SDWebImageMapKit */,
				134B4C0729CA93500089DF18 /* Kingfisher */,
			);
			productName = Media_Planet;
			productReference = 13B7BC0B2977BD7200E5814F /* Media_Planet.app */;
			productType = "com.apple.product-type.application";
		};
/* End PBXNativeTarget section */

/* Begin PBXProject section */
		13B7BC032977BD7200E5814F /* Project object */ = {
			isa = PBXProject;
			attributes = {
				BuildIndependentTargetsInParallel = 1;
				LastSwiftUpdateCheck = 1420;
				LastUpgradeCheck = 1420;
				TargetAttributes = {
					13B7BC0A2977BD7200E5814F = {
						CreatedOnToolsVersion = 14.2;
					};
				};
			};
			buildConfigurationList = 13B7BC062977BD7200E5814F /* Build configuration list for PBXProject "Media_Planet" */;
			compatibilityVersion = "Xcode 14.0";
			developmentRegion = en;
			hasScannedForEncodings = 0;
			knownRegions = (
				en,
				Base,
			);
			mainGroup = 13B7BC022977BD7200E5814F;
			packageReferences = (
				134B4C0129CA92E50089DF18 /* XCRemoteSwiftPackageReference "SDWebImage" */,
				134B4C0629CA93500089DF18 /* XCRemoteSwiftPackageReference "Kingfisher" */,
			);
			productRefGroup = 13B7BC0C2977BD7200E5814F /* Products */;
			projectDirPath = "";
			projectRoot = "";
			targets = (
				13B7BC0A2977BD7200E5814F /* Media_Planet */,
			);
		};
/* End PBXProject section */

/* Begin PBXResourcesBuildPhase section */
		13B7BC092977BD7200E5814F /* Resources */ = {
			isa = PBXResourcesBuildPhase;
			buildActionMask = 2147483647;
			files = (
				13B7BC162977BD7300E5814F /* Preview Assets.xcassets in Resources */,
				13B7BC132977BD7300E5814F /* Assets.xcassets in Resources */,
			);
			runOnlyForDeploymentPostprocessing = 0;
		};
/* End PBXResourcesBuildPhase section */

/* Begin PBXSourcesBuildPhase section */
		13B7BC072977BD7200E5814F /* Sources */ = {
			isa = PBXSourcesBuildPhase;
			buildActionMask = 2147483647;
			files = (
				13B7BC342977C48900E5814F /* MediaRow.swift in Sources */,
				13B7BC3A2977C66700E5814F /* Backdrop.swift in Sources */,
				13B7BC3C2977C6DF00E5814F /* MediaItem.swift in Sources */,
				13B7BC2D2977C04700E5814F /* Logos.swift in Sources */,
				13B7BC252977BF6400E5814F /* CastInfo.swift in Sources */,
				135D4E68297F5D730062CBEB /* Actor.swift in Sources */,
				13B7BC112977BD7200E5814F /* ContentView.swift in Sources */,
				13B7BC0F2977BD7200E5814F /* Media_PlanetApp.swift in Sources */,
				13B7BC2B2977C02F00E5814F /* Backdrops.swift in Sources */,
				13B7BC1F2977BEAD00E5814F /* Media.swift in Sources */,
				13B7BC1D2977BE3B00E5814F /* TMDB_API.swift in Sources */,
				13B7BC272977BF9D00E5814F /* Images.swift in Sources */,
				13B7BC382977C5DC00E5814F /* CastView.swift in Sources */,
				130A6E58297E4A4300C3971C /* ActorDetails.swift in Sources */,
				13B7BC232977BF3D00E5814F /* People.swift in Sources */,
				13B7BC212977BEFE00E5814F /* Results.swift in Sources */,
				13B7BC362977C53400E5814F /* MediaDetails.swift in Sources */,
			);
			runOnlyForDeploymentPostprocessing = 0;
		};
/* End PBXSourcesBuildPhase section */

/* Begin XCBuildConfiguration section */
		13B7BC172977BD7300E5814F /* Debug */ = {
			isa = XCBuildConfiguration;
			buildSettings = {
				ALWAYS_SEARCH_USER_PATHS = NO;
				CLANG_ANALYZER_NONNULL = YES;
				CLANG_ANALYZER_NUMBER_OBJECT_CONVERSION = YES_AGGRESSIVE;
				CLANG_CXX_LANGUAGE_STANDARD = "gnu++20";
				CLANG_ENABLE_MODULES = YES;
				CLANG_ENABLE_OBJC_ARC = YES;
				CLANG_ENABLE_OBJC_WEAK = YES;
				CLANG_WARN_BLOCK_CAPTURE_AUTORELEASING = YES;
				CLANG_WARN_BOOL_CONVERSION = YES;
				CLANG_WARN_COMMA = YES;
				CLANG_WARN_CONSTANT_CONVERSION = YES;
				CLANG_WARN_DEPRECATED_OBJC_IMPLEMENTATIONS = YES;
				CLANG_WARN_DIRECT_OBJC_ISA_USAGE = YES_ERROR;
				CLANG_WARN_DOCUMENTATION_COMMENTS = YES;
				CLANG_WARN_EMPTY_BODY = YES;
				CLANG_WARN_ENUM_CONVERSION = YES;
				CLANG_WARN_INFINITE_RECURSION = YES;
				CLANG_WARN_INT_CONVERSION = YES;
				CLANG_WARN_NON_LITERAL_NULL_CONVERSION = YES;
				CLANG_WARN_OBJC_IMPLICIT_RETAIN_SELF = YES;
				CLANG_WARN_OBJC_LITERAL_CONVERSION = YES;
				CLANG_WARN_OBJC_ROOT_CLASS = YES_ERROR;
				CLANG_WARN_QUOTED_INCLUDE_IN_FRAMEWORK_HEADER = YES;
				CLANG_WARN_RANGE_LOOP_ANALYSIS = YES;
				CLANG_WARN_STRICT_PROTOTYPES = YES;
				CLANG_WARN_SUSPICIOUS_MOVE = YES;
				CLANG_WARN_UNGUARDED_AVAILABILITY = YES_AGGRESSIVE;
				CLANG_WARN_UNREACHABLE_CODE = YES;
				CLANG_WARN__DUPLICATE_METHOD_MATCH = YES;
				COPY_PHASE_STRIP = NO;
				DEBUG_INFORMATION_FORMAT = dwarf;
				ENABLE_STRICT_OBJC_MSGSEND = YES;
				ENABLE_TESTABILITY = YES;
				GCC_C_LANGUAGE_STANDARD = gnu11;
				GCC_DYNAMIC_NO_PIC = NO;
				GCC_NO_COMMON_BLOCKS = YES;
				GCC_OPTIMIZATION_LEVEL = 0;
				GCC_PREPROCESSOR_DEFINITIONS = (
					"DEBUG=1",
					"$(inherited)",
				);
				GCC_WARN_64_TO_32_BIT_CONVERSION = YES;
				GCC_WARN_ABOUT_RETURN_TYPE = YES_ERROR;
				GCC_WARN_UNDECLARED_SELECTOR = YES;
				GCC_WARN_UNINITIALIZED_AUTOS = YES_AGGRESSIVE;
				GCC_WARN_UNUSED_FUNCTION = YES;
				GCC_WARN_UNUSED_VARIABLE = YES;
				IPHONEOS_DEPLOYMENT_TARGET = 16.2;
				MTL_ENABLE_DEBUG_INFO = INCLUDE_SOURCE;
				MTL_FAST_MATH = YES;
				ONLY_ACTIVE_ARCH = YES;
				SDKROOT = iphoneos;
				SWIFT_ACTIVE_COMPILATION_CONDITIONS = DEBUG;
				SWIFT_OPTIMIZATION_LEVEL = "-Onone";
			};
			name = Debug;
		};
		13B7BC182977BD7300E5814F /* Release */ = {
			isa = XCBuildConfiguration;
			buildSettings = {
				ALWAYS_SEARCH_USER_PATHS = NO;
				CLANG_ANALYZER_NONNULL = YES;
				CLANG_ANALYZER_NUMBER_OBJECT_CONVERSION = YES_AGGRESSIVE;
				CLANG_CXX_LANGUAGE_STANDARD = "gnu++20";
				CLANG_ENABLE_MODULES = YES;
				CLANG_ENABLE_OBJC_ARC = YES;
				CLANG_ENABLE_OBJC_WEAK = YES;
				CLANG_WARN_BLOCK_CAPTURE_AUTORELEASING = YES;
				CLANG_WARN_BOOL_CONVERSION = YES;
				CLANG_WARN_COMMA = YES;
				CLANG_WARN_CONSTANT_CONVERSION = YES;
				CLANG_WARN_DEPRECATED_OBJC_IMPLEMENTATIONS = YES;
				CLANG_WARN_DIRECT_OBJC_ISA_USAGE = YES_ERROR;
				CLANG_WARN_DOCUMENTATION_COMMENTS = YES;
				CLANG_WARN_EMPTY_BODY = YES;
				CLANG_WARN_ENUM_CONVERSION = YES;
				CLANG_WARN_INFINITE_RECURSION = YES;
				CLANG_WARN_INT_CONVERSION = YES;
				CLANG_WARN_NON_LITERAL_NULL_CONVERSION = YES;
				CLANG_WARN_OBJC_IMPLICIT_RETAIN_SELF = YES;
				CLANG_WARN_OBJC_LITERAL_CONVERSION = YES;
				CLANG_WARN_OBJC_ROOT_CLASS = YES_ERROR;
				CLANG_WARN_QUOTED_INCLUDE_IN_FRAMEWORK_HEADER = YES;
				CLANG_WARN_RANGE_LOOP_ANALYSIS = YES;
				CLANG_WARN_STRICT_PROTOTYPES = YES;
				CLANG_WARN_SUSPICIOUS_MOVE = YES;
				CLANG_WARN_UNGUARDED_AVAILABILITY = YES_AGGRESSIVE;
				CLANG_WARN_UNREACHABLE_CODE = YES;
				CLANG_WARN__DUPLICATE_METHOD_MATCH = YES;
				COPY_PHASE_STRIP = NO;
				DEBUG_INFORMATION_FORMAT = "dwarf-with-dsym";
				ENABLE_NS_ASSERTIONS = NO;
				ENABLE_STRICT_OBJC_MSGSEND = YES;
				GCC_C_LANGUAGE_STANDARD = gnu11;
				GCC_NO_COMMON_BLOCKS = YES;
				GCC_WARN_64_TO_32_BIT_CONVERSION = YES;
				GCC_WARN_ABOUT_RETURN_TYPE = YES_ERROR;
				GCC_WARN_UNDECLARED_SELECTOR = YES;
				GCC_WARN_UNINITIALIZED_AUTOS = YES_AGGRESSIVE;
				GCC_WARN_UNUSED_FUNCTION = YES;
				GCC_WARN_UNUSED_VARIABLE = YES;
				IPHONEOS_DEPLOYMENT_TARGET = 16.2;
				MTL_ENABLE_DEBUG_INFO = NO;
				MTL_FAST_MATH = YES;
				SDKROOT = iphoneos;
				SWIFT_COMPILATION_MODE = wholemodule;
				SWIFT_OPTIMIZATION_LEVEL = "-O";
				VALIDATE_PRODUCT = YES;
			};
			name = Release;
		};
		13B7BC1A2977BD7300E5814F /* Debug */ = {
			isa = XCBuildConfiguration;
			buildSettings = {
				ASSETCATALOG_COMPILER_APPICON_NAME = AppIcon;
				ASSETCATALOG_COMPILER_GLOBAL_ACCENT_COLOR_NAME = AccentColor;
				CODE_SIGN_STYLE = Automatic;
				CURRENT_PROJECT_VERSION = 1;
				DEVELOPMENT_ASSET_PATHS = "\"Media_Planet/Preview Content\"";
				DEVELOPMENT_TEAM = 7SPT9CBG4A;
				ENABLE_PREVIEWS = YES;
				GENERATE_INFOPLIST_FILE = YES;
				INFOPLIST_KEY_UIApplicationSceneManifest_Generation = YES;
				INFOPLIST_KEY_UIApplicationSupportsIndirectInputEvents = YES;
				INFOPLIST_KEY_UILaunchScreen_Generation = YES;
				INFOPLIST_KEY_UISupportedInterfaceOrientations_iPad = "UIInterfaceOrientationPortrait UIInterfaceOrientationPortraitUpsideDown UIInterfaceOrientationLandscapeLeft UIInterfaceOrientationLandscapeRight";
				INFOPLIST_KEY_UISupportedInterfaceOrientations_iPhone = "UIInterfaceOrientationPortrait UIInterfaceOrientationLandscapeLeft UIInterfaceOrientationLandscapeRight";
				LD_RUNPATH_SEARCH_PATHS = (
					"$(inherited)",
					"@executable_path/Frameworks",
				);
				MARKETING_VERSION = 1.0;
				PRODUCT_BUNDLE_IDENTIFIER = "com.chechoblueinc.Media-Planet";
				PRODUCT_NAME = "$(TARGET_NAME)";
				SWIFT_EMIT_LOC_STRINGS = YES;
				SWIFT_VERSION = 5.0;
				TARGETED_DEVICE_FAMILY = "1,2";
			};
			name = Debug;
		};
		13B7BC1B2977BD7300E5814F /* Release */ = {
			isa = XCBuildConfiguration;
			buildSettings = {
				ASSETCATALOG_COMPILER_APPICON_NAME = AppIcon;
				ASSETCATALOG_COMPILER_GLOBAL_ACCENT_COLOR_NAME = AccentColor;
				CODE_SIGN_STYLE = Automatic;
				CURRENT_PROJECT_VERSION = 1;
				DEVELOPMENT_ASSET_PATHS = "\"Media_Planet/Preview Content\"";
				DEVELOPMENT_TEAM = 7SPT9CBG4A;
				ENABLE_PREVIEWS = YES;
				GENERATE_INFOPLIST_FILE = YES;
				INFOPLIST_KEY_UIApplicationSceneManifest_Generation = YES;
				INFOPLIST_KEY_UIApplicationSupportsIndirectInputEvents = YES;
				INFOPLIST_KEY_UILaunchScreen_Generation = YES;
				INFOPLIST_KEY_UISupportedInterfaceOrientations_iPad = "UIInterfaceOrientationPortrait UIInterfaceOrientationPortraitUpsideDown UIInterfaceOrientationLandscapeLeft UIInterfaceOrientationLandscapeRight";
				INFOPLIST_KEY_UISupportedInterfaceOrientations_iPhone = "UIInterfaceOrientationPortrait UIInterfaceOrientationLandscapeLeft UIInterfaceOrientationLandscapeRight";
				LD_RUNPATH_SEARCH_PATHS = (
					"$(inherited)",
					"@executable_path/Frameworks",
				);
				MARKETING_VERSION = 1.0;
				PRODUCT_BUNDLE_IDENTIFIER = "com.chechoblueinc.Media-Planet";
				PRODUCT_NAME = "$(TARGET_NAME)";
				SWIFT_EMIT_LOC_STRINGS = YES;
				SWIFT_VERSION = 5.0;
				TARGETED_DEVICE_FAMILY = "1,2";
			};
			name = Release;
		};
/* End XCBuildConfiguration section */

/* Begin XCConfigurationList section */
		13B7BC062977BD7200E5814F /* Build configuration list for PBXProject "Media_Planet" */ = {
			isa = XCConfigurationList;
			buildConfigurations = (
				13B7BC172977BD7300E5814F /* Debug */,
				13B7BC182977BD7300E5814F /* Release */,
			);
			defaultConfigurationIsVisible = 0;
			defaultConfigurationName = Release;
		};
		13B7BC192977BD7300E5814F /* Build configuration list for PBXNativeTarget "Media_Planet" */ = {
			isa = XCConfigurationList;
			buildConfigurations = (
				13B7BC1A2977BD7300E5814F /* Debug */,
				13B7BC1B2977BD7300E5814F /* Release */,
			);
			defaultConfigurationIsVisible = 0;
			defaultConfigurationName = Release;
		};
/* End XCConfigurationList section */

/* Begin XCRemoteSwiftPackageReference section */
		134B4C0129CA92E50089DF18 /* XCRemoteSwiftPackageReference "SDWebImage" */ = {
			isa = XCRemoteSwiftPackageReference;
			repositoryURL = "https://github.com/SDWebImage/SDWebImage.git";
			requirement = {
				kind = upToNextMajorVersion;
				minimumVersion = 5.0.0;
			};
		};
		134B4C0629CA93500089DF18 /* XCRemoteSwiftPackageReference "Kingfisher" */ = {
			isa = XCRemoteSwiftPackageReference;
			repositoryURL = "https://github.com/onevcat/Kingfisher.git";
			requirement = {
				kind = upToNextMajorVersion;
				minimumVersion = 7.0.0;
			};
		};
/* End XCRemoteSwiftPackageReference section */

/* Begin XCSwiftPackageProductDependency section */
		134B4C0229CA92E50089DF18 /* SDWebImage */ = {
			isa = XCSwiftPackageProductDependency;
			package = 134B4C0129CA92E50089DF18 /* XCRemoteSwiftPackageReference "SDWebImage" */;
			productName = SDWebImage;
		};
		134B4C0429CA92E50089DF18 /* SDWebImageMapKit */ = {
			isa = XCSwiftPackageProductDependency;
			package = 134B4C0129CA92E50089DF18 /* XCRemoteSwiftPackageReference "SDWebImage" */;
			productName = SDWebImageMapKit;
		};
		134B4C0729CA93500089DF18 /* Kingfisher */ = {
			isa = XCSwiftPackageProductDependency;
			package = 134B4C0629CA93500089DF18 /* XCRemoteSwiftPackageReference "Kingfisher" */;
			productName = Kingfisher;
		};
/* End XCSwiftPackageProductDependency section */
	};
	rootObject = 13B7BC032977BD7200E5814F /* Project object */;
}
